{
  "name": "meetup-stats",
  "version": "1.0.0",
  "lockfileVersion": 1,
  "requires": true,
  "dependencies": {
    "bluebird": {
      "version": "3.5.1",
      "resolved": "https://registry.npmjs.org/bluebird/-/bluebird-3.5.1.tgz",
      "integrity": "sha512-MKiLiV+I1AA596t9w1sQJ8jkiSr5+ZKi0WKrYGUn6d1Fx+Ij4tIj+m2WMQSGczs5jZVxV339chE8iwk6F64wjA=="
    },
    "meetup-api": {
      "version": "1.4.27",
      "resolved": "https://registry.npmjs.org/meetup-api/-/meetup-api-1.4.27.tgz",
      "integrity": "sha1-KKPJ46PniJR6WO6KJsWhcEkNuxM=",
      "requires": {
        "JSONStream": "1.3.1",
        "event-stream": "3.3.4",
        "oauth": "0.9.15",
        "proxy-agent": "2.1.0",
        "superagent": "3.8.0",
        "superagent-oauth": "0.2.3",
        "websocket-stream": "5.1.1"
      },
      "dependencies": {
        "JSONStream": {
          "version": "1.3.1",
          "resolved": "https://registry.npmjs.org/JSONStream/-/JSONStream-1.3.1.tgz",
          "integrity": "sha1-cH92HgHa6eFvG8+TcDt4xwlmV5o=",
          "requires": {
            "jsonparse": "1.3.1",
            "through": "2.3.8"
          },
          "dependencies": {
            "jsonparse": {
              "version": "1.3.1",
              "resolved": "https://registry.npmjs.org/jsonparse/-/jsonparse-1.3.1.tgz",
              "integrity": "sha1-P02uSpH6wxX3EGL4UhzCOfE2YoA="
            },
            "through": {
              "version": "2.3.8",
              "resolved": "https://registry.npmjs.org/through/-/through-2.3.8.tgz",
              "integrity": "sha1-DdTJ/6q8NXlgsbckEV1+Doai4fU="
            }
          }
        },
        "event-stream": {
          "version": "3.3.4",
          "resolved": "https://registry.npmjs.org/event-stream/-/event-stream-3.3.4.tgz",
          "integrity": "sha1-SrTJoPWlTbkzi0w02Gv86PSzVXE=",
          "requires": {
            "duplexer": "0.1.1",
            "from": "0.1.7",
            "map-stream": "0.1.0",
            "pause-stream": "0.0.11",
            "split": "0.3.3",
            "stream-combiner": "0.0.4",
            "through": "2.3.8"
          },
          "dependencies": {
            "duplexer": {
              "version": "0.1.1",
              "resolved": "https://registry.npmjs.org/duplexer/-/duplexer-0.1.1.tgz",
              "integrity": "sha1-rOb/gIwc5mtX0ev5eXessCM0z8E="
            },
            "from": {
              "version": "0.1.7",
              "resolved": "https://registry.npmjs.org/from/-/from-0.1.7.tgz",
              "integrity": "sha1-g8YK/Fi5xWmXAH7Rp2izqzA6RP4="
            },
            "map-stream": {
              "version": "0.1.0",
              "resolved": "https://registry.npmjs.org/map-stream/-/map-stream-0.1.0.tgz",
              "integrity": "sha1-5WqpTEyAVaFkBKBnS3jyFffI4ZQ="
            },
            "pause-stream": {
              "version": "0.0.11",
              "resolved": "https://registry.npmjs.org/pause-stream/-/pause-stream-0.0.11.tgz",
              "integrity": "sha1-/lo0sMvOErWqaitAPuLnO2AvFEU=",
              "requires": {
                "through": "2.3.8"
              }
            },
            "split": {
              "version": "0.3.3",
              "resolved": "https://registry.npmjs.org/split/-/split-0.3.3.tgz",
              "integrity": "sha1-zQ7qXmOiEd//frDwkcQTPi0N0o8=",
              "requires": {
                "through": "2.3.8"
              }
            },
            "stream-combiner": {
              "version": "0.0.4",
              "resolved": "https://registry.npmjs.org/stream-combiner/-/stream-combiner-0.0.4.tgz",
              "integrity": "sha1-TV5DPBhSYd3mI8o/RMWGvPXErRQ=",
              "requires": {
                "duplexer": "0.1.1"
              }
            },
            "through": {
              "version": "2.3.8",
              "resolved": "https://registry.npmjs.org/through/-/through-2.3.8.tgz",
              "integrity": "sha1-DdTJ/6q8NXlgsbckEV1+Doai4fU="
            }
          }
        },
        "oauth": {
          "version": "0.9.15",
          "resolved": "https://registry.npmjs.org/oauth/-/oauth-0.9.15.tgz",
          "integrity": "sha1-vR/vr2hslrdUda7VGWQS/2DPucE=",
          "optional": true
        },
        "proxy-agent": {
          "version": "2.1.0",
          "resolved": "https://registry.npmjs.org/proxy-agent/-/proxy-agent-2.1.0.tgz",
          "integrity": "sha1-o6Kzhm3r/rebt5HzRdybyHbn/4Y=",
          "optional": true,
          "requires": {
            "agent-base": "2.1.1",
            "debug": "2.6.9",
            "extend": "3.0.1",
            "http-proxy-agent": "1.0.0",
            "https-proxy-agent": "1.0.0",
            "lru-cache": "2.6.5",
            "pac-proxy-agent": "2.0.0",
            "socks-proxy-agent": "2.1.1"
          },
          "dependencies": {
            "agent-base": {
              "version": "2.1.1",
              "resolved": "https://registry.npmjs.org/agent-base/-/agent-base-2.1.1.tgz",
              "integrity": "sha1-1t4Q1a9hMtW9aSQn1G/FOFOQlMc=",
              "requires": {
                "extend": "3.0.1",
                "semver": "5.0.3"
              },
              "dependencies": {
                "semver": {
                  "version": "5.0.3",
                  "resolved": "https://registry.npmjs.org/semver/-/semver-5.0.3.tgz",
                  "integrity": "sha1-d0Zt5YnNXTyV8TiqeLxWmjy10no="
                }
              }
            },
            "debug": {
              "version": "2.6.9",
              "resolved": "https://registry.npmjs.org/debug/-/debug-2.6.9.tgz",
              "integrity": "sha1-XRKFFd8TT/Mn6QpMk/Tgd6U2NB8=",
              "requires": {
                "ms": "2.0.0"
              },
              "dependencies": {
                "ms": {
                  "version": "2.0.0",
                  "resolved": "https://registry.npmjs.org/ms/-/ms-2.0.0.tgz",
                  "integrity": "sha1-VgiurfwAvmwpAd9fmGF4jeDVl8g="
                }
              }
            },
            "extend": {
              "version": "3.0.1",
              "resolved": "https://registry.npmjs.org/extend/-/extend-3.0.1.tgz",
              "integrity": "sha1-p1Xqe8Gt/MWjHOfnYtuq3F5jZEQ="
            },
            "http-proxy-agent": {
              "version": "1.0.0",
              "resolved": "https://registry.npmjs.org/http-proxy-agent/-/http-proxy-agent-1.0.0.tgz",
              "integrity": "sha1-zBzjjkU7+YSg93AtLdWcc9CBKEo=",
              "requires": {
                "agent-base": "2.1.1",
                "debug": "2.6.9",
                "extend": "3.0.1"
              }
            },
            "https-proxy-agent": {
              "version": "1.0.0",
              "resolved": "https://registry.npmjs.org/https-proxy-agent/-/https-proxy-agent-1.0.0.tgz",
              "integrity": "sha1-NffabEjOTdv6JkiRrFk+5f+GceY=",
              "requires": {
                "agent-base": "2.1.1",
                "debug": "2.6.9",
                "extend": "3.0.1"
              }
            },
            "lru-cache": {
              "version": "2.6.5",
              "resolved": "https://registry.npmjs.org/lru-cache/-/lru-cache-2.6.5.tgz",
              "integrity": "sha1-5W1jVBSO3o13B7WNFDIg/QjfD9U=",
              "optional": true
            },
            "pac-proxy-agent": {
              "version": "2.0.0",
              "resolved": "https://registry.npmjs.org/pac-proxy-agent/-/pac-proxy-agent-2.0.0.tgz",
              "integrity": "sha1-vrF80rBqILN51X4bLiwpvg3+X5o=",
              "optional": true,
              "requires": {
                "agent-base": "2.1.1",
                "debug": "2.6.9",
                "get-uri": "2.0.1",
                "http-proxy-agent": "1.0.0",
                "https-proxy-agent": "1.0.0",
                "pac-resolver": "3.0.0",
                "raw-body": "2.3.2",
                "socks-proxy-agent": "3.0.1"
              },
              "dependencies": {
                "get-uri": {
                  "version": "2.0.1",
                  "resolved": "https://registry.npmjs.org/get-uri/-/get-uri-2.0.1.tgz",
                  "integrity": "sha1-29ysrNjGCKODFoaTaBF2l6FjHFk=",
                  "optional": true,
                  "requires": {
                    "data-uri-to-buffer": "1.2.0",
                    "debug": "2.6.9",
                    "extend": "3.0.1",
                    "file-uri-to-path": "1.0.0",
                    "ftp": "0.3.10",
                    "readable-stream": "2.3.3"
                  },
                  "dependencies": {
                    "data-uri-to-buffer": {
                      "version": "1.2.0",
                      "resolved": "https://registry.npmjs.org/data-uri-to-buffer/-/data-uri-to-buffer-1.2.0.tgz",
                      "integrity": "sha1-dxY+qcINhkG0cH6PGKvfmnjzSDU=",
                      "optional": true
                    },
                    "file-uri-to-path": {
                      "version": "1.0.0",
                      "resolved": "https://registry.npmjs.org/file-uri-to-path/-/file-uri-to-path-1.0.0.tgz",
                      "integrity": "sha1-VTp7hEb/b2hDWcRF8eN6BdrMM90=",
                      "optional": true
                    },
                    "ftp": {
                      "version": "0.3.10",
                      "resolved": "https://registry.npmjs.org/ftp/-/ftp-0.3.10.tgz",
                      "integrity": "sha1-kZfYYa2BQvPmPVqDv+TFn3MwiF0=",
                      "optional": true,
                      "requires": {
                        "readable-stream": "1.1.14",
                        "xregexp": "2.0.0"
                      },
                      "dependencies": {
                        "readable-stream": {
                          "version": "1.1.14",
                          "resolved": "https://registry.npmjs.org/readable-stream/-/readable-stream-1.1.14.tgz",
                          "integrity": "sha1-fPTFTvZI44EwhMY23SB54WbAgdk=",
                          "optional": true,
                          "requires": {
                            "core-util-is": "1.0.2",
                            "inherits": "2.0.3",
                            "isarray": "0.0.1",
                            "string_decoder": "0.10.31"
                          },
                          "dependencies": {
                            "core-util-is": {
                              "version": "1.0.2",
                              "resolved": "https://registry.npmjs.org/core-util-is/-/core-util-is-1.0.2.tgz",
                              "integrity": "sha1-tf1UIgqivFq1eqtxQMlAdUUDwac=",
                              "optional": true
                            },
                            "inherits": {
                              "version": "2.0.3",
                              "resolved": "https://registry.npmjs.org/inherits/-/inherits-2.0.3.tgz",
                              "integrity": "sha1-Yzwsg+PaQqUC9SRmAiSA9CCCYd4=",
                              "optional": true
                            },
                            "isarray": {
                              "version": "0.0.1",
                              "resolved": "https://registry.npmjs.org/isarray/-/isarray-0.0.1.tgz",
                              "integrity": "sha1-ihis/Kmo9Bd+Cav8YDiTmwXR7t8=",
                              "optional": true
                            },
                            "string_decoder": {
                              "version": "0.10.31",
                              "resolved": "https://registry.npmjs.org/string_decoder/-/string_decoder-0.10.31.tgz",
                              "integrity": "sha1-YuIDvEF2bGwoyfyEMB2rHFMQ+pQ=",
                              "optional": true
                            }
                          }
                        },
                        "xregexp": {
                          "version": "2.0.0",
                          "resolved": "https://registry.npmjs.org/xregexp/-/xregexp-2.0.0.tgz",
                          "integrity": "sha1-UqY+VsoLhKfzpfPWGHLxJq16WUM=",
                          "optional": true
                        }
                      }
                    },
                    "readable-stream": {
                      "version": "2.3.3",
                      "resolved": "https://registry.npmjs.org/readable-stream/-/readable-stream-2.3.3.tgz",
                      "integrity": "sha1-No8lEtefnUb9/HE0mueHi7weuVw=",
                      "optional": true,
                      "requires": {
                        "core-util-is": "1.0.2",
                        "inherits": "2.0.3",
                        "isarray": "1.0.0",
                        "process-nextick-args": "1.0.7",
                        "safe-buffer": "5.1.1",
                        "string_decoder": "1.0.3",
                        "util-deprecate": "1.0.2"
                      },
                      "dependencies": {
                        "core-util-is": {
                          "version": "1.0.2",
                          "resolved": "https://registry.npmjs.org/core-util-is/-/core-util-is-1.0.2.tgz",
                          "integrity": "sha1-tf1UIgqivFq1eqtxQMlAdUUDwac=",
                          "optional": true
                        },
                        "inherits": {
                          "version": "2.0.3",
                          "resolved": "https://registry.npmjs.org/inherits/-/inherits-2.0.3.tgz",
                          "integrity": "sha1-Yzwsg+PaQqUC9SRmAiSA9CCCYd4=",
                          "optional": true
                        },
                        "isarray": {
                          "version": "1.0.0",
                          "resolved": "https://registry.npmjs.org/isarray/-/isarray-1.0.0.tgz",
                          "integrity": "sha1-u5NdSFgsuhaMBoNJV6VKPgcSTxE=",
                          "optional": true
                        },
                        "process-nextick-args": {
                          "version": "1.0.7",
                          "resolved": "https://registry.npmjs.org/process-nextick-args/-/process-nextick-args-1.0.7.tgz",
                          "integrity": "sha1-FQ4gt1ZZCtP5EJPyWk8q2L/zC6M=",
                          "optional": true
                        },
                        "safe-buffer": {
                          "version": "5.1.1",
                          "resolved": "https://registry.npmjs.org/safe-buffer/-/safe-buffer-5.1.1.tgz",
                          "integrity": "sha1-iTMSr2myEj3vcfV4iQAWce6yyFM="
                        },
                        "string_decoder": {
                          "version": "1.0.3",
                          "resolved": "https://registry.npmjs.org/string_decoder/-/string_decoder-1.0.3.tgz",
                          "integrity": "sha1-D8Z9fBQYJd6UKC3VNr7GubzoYKs=",
                          "optional": true,
                          "requires": {
                            "safe-buffer": "5.1.1"
                          }
                        },
                        "util-deprecate": {
                          "version": "1.0.2",
                          "resolved": "https://registry.npmjs.org/util-deprecate/-/util-deprecate-1.0.2.tgz",
                          "integrity": "sha1-RQ1Nyfpw3nMnYvvS1KKJgUGaDM8=",
                          "optional": true
                        }
                      }
                    }
                  }
                },
                "pac-resolver": {
                  "version": "3.0.0",
                  "resolved": "https://registry.npmjs.org/pac-resolver/-/pac-resolver-3.0.0.tgz",
                  "integrity": "sha1-auoweH2wqJFwTet4AKcip2FabyY=",
                  "optional": true,
                  "requires": {
                    "co": "4.6.0",
                    "degenerator": "1.0.4",
                    "ip": "1.1.5",
                    "netmask": "1.0.6",
                    "thunkify": "2.1.2"
                  },
                  "dependencies": {
                    "co": {
                      "version": "4.6.0",
                      "resolved": "https://registry.npmjs.org/co/-/co-4.6.0.tgz",
                      "integrity": "sha1-bqa989hTrlTMuOR7+gvz+QMfsYQ=",
                      "optional": true
                    },
                    "degenerator": {
                      "version": "1.0.4",
                      "resolved": "https://registry.npmjs.org/degenerator/-/degenerator-1.0.4.tgz",
                      "integrity": "sha1-/PSQo37OJmRk2cxDGrmMWBnO0JU=",
                      "optional": true,
                      "requires": {
                        "ast-types": "0.9.14",
                        "escodegen": "1.9.0",
                        "esprima": "3.1.3"
                      },
                      "dependencies": {
                        "ast-types": {
                          "version": "0.9.14",
                          "resolved": "https://registry.npmjs.org/ast-types/-/ast-types-0.9.14.tgz",
                          "integrity": "sha1-00ul3/udFaRDUf0qnYLkqyg4tbo=",
                          "optional": true
                        },
                        "escodegen": {
                          "version": "1.9.0",
                          "resolved": "https://registry.npmjs.org/escodegen/-/escodegen-1.9.0.tgz",
                          "integrity": "sha1-mBGi8mXcHNOJRCDuNxcGS2MriFI=",
                          "optional": true,
                          "requires": {
                            "esprima": "3.1.3",
                            "estraverse": "4.2.0",
                            "esutils": "2.0.2",
                            "optionator": "0.8.2",
                            "source-map": "0.5.7"
                          },
                          "dependencies": {
                            "estraverse": {
                              "version": "4.2.0",
                              "resolved": "https://registry.npmjs.org/estraverse/-/estraverse-4.2.0.tgz",
                              "integrity": "sha1-De4/7TH81GlhjOc0IJn8GvoL2xM=",
                              "optional": true
                            },
                            "esutils": {
                              "version": "2.0.2",
                              "resolved": "https://registry.npmjs.org/esutils/-/esutils-2.0.2.tgz",
                              "integrity": "sha1-Cr9PHKpbyx96nYrMbepPqqBLrJs=",
                              "optional": true
                            },
                            "optionator": {
                              "version": "0.8.2",
                              "resolved": "https://registry.npmjs.org/optionator/-/optionator-0.8.2.tgz",
                              "integrity": "sha1-NkxeQJ0/TWMB1sC0wFu6UBgK62Q=",
                              "optional": true,
                              "requires": {
                                "deep-is": "0.1.3",
                                "fast-levenshtein": "2.0.6",
                                "levn": "0.3.0",
                                "prelude-ls": "1.1.2",
                                "type-check": "0.3.2",
                                "wordwrap": "1.0.0"
                              },
                              "dependencies": {
                                "deep-is": {
                                  "version": "0.1.3",
                                  "resolved": "https://registry.npmjs.org/deep-is/-/deep-is-0.1.3.tgz",
                                  "integrity": "sha1-s2nW+128E+7PUk+RsHD+7cNXzzQ=",
                                  "optional": true
                                },
                                "fast-levenshtein": {
                                  "version": "2.0.6",
                                  "resolved": "https://registry.npmjs.org/fast-levenshtein/-/fast-levenshtein-2.0.6.tgz",
                                  "integrity": "sha1-PYpcZog6FqMMqGQ+hR8Zuqd5eRc=",
                                  "optional": true
                                },
                                "levn": {
                                  "version": "0.3.0",
                                  "resolved": "https://registry.npmjs.org/levn/-/levn-0.3.0.tgz",
                                  "integrity": "sha1-OwmSTt+fCDwEkP3UwLxEIeBHZO4=",
                                  "optional": true,
                                  "requires": {
                                    "prelude-ls": "1.1.2",
                                    "type-check": "0.3.2"
                                  }
                                },
                                "prelude-ls": {
                                  "version": "1.1.2",
                                  "resolved": "https://registry.npmjs.org/prelude-ls/-/prelude-ls-1.1.2.tgz",
                                  "integrity": "sha1-IZMqVJ9eUv/ZqCf1cOBL5iqX2lQ="
                                },
                                "type-check": {
                                  "version": "0.3.2",
                                  "resolved": "https://registry.npmjs.org/type-check/-/type-check-0.3.2.tgz",
                                  "integrity": "sha1-WITKtRLPHTVeP7eE8wgEsrUg23I=",
                                  "requires": {
                                    "prelude-ls": "1.1.2"
                                  }
                                },
                                "wordwrap": {
                                  "version": "1.0.0",
                                  "resolved": "https://registry.npmjs.org/wordwrap/-/wordwrap-1.0.0.tgz",
                                  "integrity": "sha1-J1hIEIkUVqQXHI0CJkQa3pDLyus=",
                                  "optional": true
                                }
                              }
                            },
                            "source-map": {
                              "version": "0.5.7",
                              "resolved": "https://registry.npmjs.org/source-map/-/source-map-0.5.7.tgz",
                              "integrity": "sha1-igOdLRAh0i0eoUyA2OpGi6LvP8w=",
                              "optional": true
                            }
                          }
                        },
                        "esprima": {
                          "version": "3.1.3",
                          "resolved": "https://registry.npmjs.org/esprima/-/esprima-3.1.3.tgz",
                          "integrity": "sha1-/cpRzuYTOJXjyI1TXOSdv/YqRjM="
                        }
                      }
                    },
                    "ip": {
                      "version": "1.1.5",
                      "resolved": "https://registry.npmjs.org/ip/-/ip-1.1.5.tgz",
                      "integrity": "sha1-vd7XARQpCCjAoDnnLvJfWq7ENUo=",
                      "optional": true
                    },
                    "netmask": {
                      "version": "1.0.6",
                      "resolved": "https://registry.npmjs.org/netmask/-/netmask-1.0.6.tgz",
                      "integrity": "sha1-ICl+idhvb2QA8lDZ9Pa0wZRfzTU=",
                      "optional": true
                    },
                    "thunkify": {
                      "version": "2.1.2",
                      "resolved": "https://registry.npmjs.org/thunkify/-/thunkify-2.1.2.tgz",
                      "integrity": "sha1-+qDp0jDFGsyVyhOjYawFyn4EVT0=",
                      "optional": true
                    }
                  }
                },
                "raw-body": {
                  "version": "2.3.2",
                  "resolved": "https://registry.npmjs.org/raw-body/-/raw-body-2.3.2.tgz",
                  "integrity": "sha1-vNYMd9Prk83gBQKVw/N5OJvIj4k=",
                  "optional": true,
                  "requires": {
                    "bytes": "3.0.0",
                    "http-errors": "1.6.2",
                    "iconv-lite": "0.4.19",
                    "unpipe": "1.0.0"
                  },
                  "dependencies": {
                    "bytes": {
                      "version": "3.0.0",
                      "resolved": "https://registry.npmjs.org/bytes/-/bytes-3.0.0.tgz",
                      "integrity": "sha1-0ygVQE1olpn4Wk6k+odV3ROpYEg=",
                      "optional": true
                    },
                    "http-errors": {
                      "version": "1.6.2",
                      "resolved": "https://registry.npmjs.org/http-errors/-/http-errors-1.6.2.tgz",
                      "integrity": "sha1-CgAsyFcHGSp+eUbO7cERVfYOxzY=",
                      "optional": true,
                      "requires": {
                        "depd": "1.1.1",
                        "inherits": "2.0.3",
                        "setprototypeof": "1.0.3",
                        "statuses": "1.4.0"
                      },
                      "dependencies": {
                        "depd": {
                          "version": "1.1.1",
                          "resolved": "https://registry.npmjs.org/depd/-/depd-1.1.1.tgz",
                          "integrity": "sha1-V4O04cRZ8G+lyif5kfPQbnoxA1k=",
                          "optional": true
                        },
                        "inherits": {
                          "version": "2.0.3",
                          "resolved": "https://registry.npmjs.org/inherits/-/inherits-2.0.3.tgz",
                          "integrity": "sha1-Yzwsg+PaQqUC9SRmAiSA9CCCYd4=",
                          "optional": true
                        },
                        "setprototypeof": {
                          "version": "1.0.3",
                          "resolved": "https://registry.npmjs.org/setprototypeof/-/setprototypeof-1.0.3.tgz",
                          "integrity": "sha1-ZlZ+NwQ+608E2RvWWMDL77VbjgQ=",
                          "optional": true
                        },
                        "statuses": {
                          "version": "1.4.0",
                          "resolved": "https://registry.npmjs.org/statuses/-/statuses-1.4.0.tgz",
                          "integrity": "sha1-u3PURtonlhBu/MG2AaJT1sRr0Ic=",
                          "optional": true
                        }
                      }
                    },
                    "iconv-lite": {
                      "version": "0.4.19",
                      "resolved": "https://registry.npmjs.org/iconv-lite/-/iconv-lite-0.4.19.tgz",
                      "integrity": "sha1-90aPYBNfXl2tM5nAqBvpoWA6CCs=",
                      "optional": true
                    },
                    "unpipe": {
                      "version": "1.0.0",
                      "resolved": "https://registry.npmjs.org/unpipe/-/unpipe-1.0.0.tgz",
                      "integrity": "sha1-sr9O6FFKrmFltIF4KdIbLvSZBOw=",
                      "optional": true
                    }
                  }
                },
                "socks-proxy-agent": {
                  "version": "3.0.1",
                  "resolved": "https://registry.npmjs.org/socks-proxy-agent/-/socks-proxy-agent-3.0.1.tgz",
                  "integrity": "sha1-Lq58+OKoLTRWV2FTmn+XGMVhdlk=",
                  "optional": true,
                  "requires": {
                    "agent-base": "4.1.1",
                    "socks": "1.1.10"
                  },
                  "dependencies": {
                    "agent-base": {
                      "version": "4.1.1",
                      "resolved": "https://registry.npmjs.org/agent-base/-/agent-base-4.1.1.tgz",
                      "integrity": "sha1-ktik/CUko7CbNmajO2yXlg8j1qQ=",
                      "optional": true,
                      "requires": {
                        "es6-promisify": "5.0.0"
                      },
                      "dependencies": {
                        "es6-promisify": {
                          "version": "5.0.0",
                          "resolved": "https://registry.npmjs.org/es6-promisify/-/es6-promisify-5.0.0.tgz",
                          "integrity": "sha1-UQnWLz5W6pZ8S2NQWu8IKRyKUgM=",
                          "optional": true,
                          "requires": {
                            "es6-promise": "4.1.1"
                          },
                          "dependencies": {
                            "es6-promise": {
                              "version": "4.1.1",
                              "resolved": "https://registry.npmjs.org/es6-promise/-/es6-promise-4.1.1.tgz",
                              "integrity": "sha1-iBHpCRXZoNujYnTwskLb2nj5ySo=",
                              "optional": true
                            }
                          }
                        }
                      }
                    },
                    "socks": {
                      "version": "1.1.10",
                      "resolved": "https://registry.npmjs.org/socks/-/socks-1.1.10.tgz",
                      "integrity": "sha1-W4t/x8jzQcU+0FbpKbe/Tei6e1o=",
                      "optional": true,
                      "requires": {
                        "ip": "1.1.5",
                        "smart-buffer": "1.1.15"
                      },
                      "dependencies": {
                        "ip": {
                          "version": "1.1.5",
                          "resolved": "https://registry.npmjs.org/ip/-/ip-1.1.5.tgz",
                          "integrity": "sha1-vd7XARQpCCjAoDnnLvJfWq7ENUo=",
                          "optional": true
                        },
                        "smart-buffer": {
                          "version": "1.1.15",
                          "resolved": "https://registry.npmjs.org/smart-buffer/-/smart-buffer-1.1.15.tgz",
                          "integrity": "sha1-fxFLW2X6s+KjWqd1uxLw0cZJvxY=",
                          "optional": true
                        }
                      }
                    }
                  }
                }
              }
            },
            "socks-proxy-agent": {
              "version": "2.1.1",
              "resolved": "https://registry.npmjs.org/socks-proxy-agent/-/socks-proxy-agent-2.1.1.tgz",
              "integrity": "sha1-huuwcZMlhjeHDhO3vZnybGY989M=",
              "optional": true,
              "requires": {
                "agent-base": "2.1.1",
                "extend": "3.0.1",
                "socks": "1.1.10"
              },
              "dependencies": {
                "socks": {
                  "version": "1.1.10",
                  "resolved": "https://registry.npmjs.org/socks/-/socks-1.1.10.tgz",
                  "integrity": "sha1-W4t/x8jzQcU+0FbpKbe/Tei6e1o=",
                  "optional": true,
                  "requires": {
                    "ip": "1.1.5",
                    "smart-buffer": "1.1.15"
                  },
                  "dependencies": {
                    "ip": {
                      "version": "1.1.5",
                      "resolved": "https://registry.npmjs.org/ip/-/ip-1.1.5.tgz",
                      "integrity": "sha1-vd7XARQpCCjAoDnnLvJfWq7ENUo=",
                      "optional": true
                    },
                    "smart-buffer": {
                      "version": "1.1.15",
                      "resolved": "https://registry.npmjs.org/smart-buffer/-/smart-buffer-1.1.15.tgz",
                      "integrity": "sha1-fxFLW2X6s+KjWqd1uxLw0cZJvxY=",
                      "optional": true
                    }
                  }
                }
              }
            }
          }
        },
        "superagent": {
          "version": "3.8.0",
          "resolved": "https://registry.npmjs.org/superagent/-/superagent-3.8.0.tgz",
          "integrity": "sha1-h+PtU2yIYMCMfH0SJdqagMqwZMY=",
          "requires": {
            "component-emitter": "1.2.1",
            "cookiejar": "2.1.1",
            "debug": "3.1.0",
            "extend": "3.0.1",
            "form-data": "2.3.1",
            "formidable": "1.1.1",
            "methods": "1.1.2",
            "mime": "1.4.1",
            "qs": "6.5.1",
            "readable-stream": "2.3.3"
          },
          "dependencies": {
            "component-emitter": {
              "version": "1.2.1",
              "resolved": "https://registry.npmjs.org/component-emitter/-/component-emitter-1.2.1.tgz",
              "integrity": "sha1-E3kY1teCg/ffemt8WmPhQOaUJeY="
            },
            "cookiejar": {
              "version": "2.1.1",
              "resolved": "https://registry.npmjs.org/cookiejar/-/cookiejar-2.1.1.tgz",
              "integrity": "sha1-Qa1XsbVVlR7BcUEqgZQrHoIA00o="
            },
            "debug": {
              "version": "3.1.0",
              "resolved": "https://registry.npmjs.org/debug/-/debug-3.1.0.tgz",
              "integrity": "sha1-W7WgZyYotkFJVmuhaBnmFRjGcmE=",
              "requires": {
                "ms": "2.0.0"
              },
              "dependencies": {
                "ms": {
                  "version": "2.0.0",
                  "resolved": "https://registry.npmjs.org/ms/-/ms-2.0.0.tgz",
                  "integrity": "sha1-VgiurfwAvmwpAd9fmGF4jeDVl8g="
                }
              }
            },
            "extend": {
              "version": "3.0.1",
              "resolved": "https://registry.npmjs.org/extend/-/extend-3.0.1.tgz",
              "integrity": "sha1-p1Xqe8Gt/MWjHOfnYtuq3F5jZEQ="
            },
            "form-data": {
              "version": "2.3.1",
              "resolved": "https://registry.npmjs.org/form-data/-/form-data-2.3.1.tgz",
              "integrity": "sha1-b7lPvXGIUwbXPRXMSX/kzE7NRL8=",
              "requires": {
                "asynckit": "0.4.0",
                "combined-stream": "1.0.5",
                "mime-types": "2.1.17"
              },
              "dependencies": {
                "asynckit": {
                  "version": "0.4.0",
                  "resolved": "https://registry.npmjs.org/asynckit/-/asynckit-0.4.0.tgz",
                  "integrity": "sha1-x57Zf380y48robyXkLzDZkdLS3k="
                },
                "combined-stream": {
                  "version": "1.0.5",
                  "resolved": "https://registry.npmjs.org/combined-stream/-/combined-stream-1.0.5.tgz",
                  "integrity": "sha1-k4NwpXtKUd6ix3wV1cX9+JUWQAk=",
                  "requires": {
                    "delayed-stream": "1.0.0"
                  },
                  "dependencies": {
                    "delayed-stream": {
                      "version": "1.0.0",
                      "resolved": "https://registry.npmjs.org/delayed-stream/-/delayed-stream-1.0.0.tgz",
                      "integrity": "sha1-3zrhmayt+31ECqrgsp4icrJOxhk="
                    }
                  }
                },
                "mime-types": {
                  "version": "2.1.17",
                  "resolved": "https://registry.npmjs.org/mime-types/-/mime-types-2.1.17.tgz",
                  "integrity": "sha1-Cdejk/A+mVp5+K+Fe3Cp4KsWVXo=",
                  "requires": {
                    "mime-db": "1.30.0"
                  },
                  "dependencies": {
                    "mime-db": {
                      "version": "1.30.0",
                      "resolved": "https://registry.npmjs.org/mime-db/-/mime-db-1.30.0.tgz",
                      "integrity": "sha1-dMZD2i3Z1qRTmZY0ZbJtXKfXHwE="
                    }
                  }
                }
              }
            },
            "formidable": {
              "version": "1.1.1",
              "resolved": "https://registry.npmjs.org/formidable/-/formidable-1.1.1.tgz",
              "integrity": "sha1-lriIb3w8NQi5Mta9cMTTqI818ak="
            },
            "methods": {
              "version": "1.1.2",
              "resolved": "https://registry.npmjs.org/methods/-/methods-1.1.2.tgz",
              "integrity": "sha1-VSmk1nZUE07cxSZmVoNbD4Ua/O4="
            },
            "mime": {
              "version": "1.4.1",
              "resolved": "https://registry.npmjs.org/mime/-/mime-1.4.1.tgz",
              "integrity": "sha1-Eh+evEnjdm8xGnbh+hyAA8SwOqY="
            },
            "qs": {
              "version": "6.5.1",
              "resolved": "https://registry.npmjs.org/qs/-/qs-6.5.1.tgz",
              "integrity": "sha1-NJzfbu+J7EXBLX1es/wMhwNDptg="
            },
            "readable-stream": {
              "version": "2.3.3",
              "resolved": "https://registry.npmjs.org/readable-stream/-/readable-stream-2.3.3.tgz",
              "integrity": "sha1-No8lEtefnUb9/HE0mueHi7weuVw=",
              "requires": {
                "core-util-is": "1.0.2",
                "inherits": "2.0.3",
                "isarray": "1.0.0",
                "process-nextick-args": "1.0.7",
                "safe-buffer": "5.1.1",
                "string_decoder": "1.0.3",
                "util-deprecate": "1.0.2"
              },
              "dependencies": {
                "core-util-is": {
                  "version": "1.0.2",
                  "resolved": "https://registry.npmjs.org/core-util-is/-/core-util-is-1.0.2.tgz",
                  "integrity": "sha1-tf1UIgqivFq1eqtxQMlAdUUDwac="
                },
                "inherits": {
                  "version": "2.0.3",
                  "resolved": "https://registry.npmjs.org/inherits/-/inherits-2.0.3.tgz",
                  "integrity": "sha1-Yzwsg+PaQqUC9SRmAiSA9CCCYd4="
                },
                "isarray": {
                  "version": "1.0.0",
                  "resolved": "https://registry.npmjs.org/isarray/-/isarray-1.0.0.tgz",
                  "integrity": "sha1-u5NdSFgsuhaMBoNJV6VKPgcSTxE="
                },
                "process-nextick-args": {
                  "version": "1.0.7",
                  "resolved": "https://registry.npmjs.org/process-nextick-args/-/process-nextick-args-1.0.7.tgz",
                  "integrity": "sha1-FQ4gt1ZZCtP5EJPyWk8q2L/zC6M="
                },
                "safe-buffer": {
                  "version": "5.1.1",
                  "resolved": "https://registry.npmjs.org/safe-buffer/-/safe-buffer-5.1.1.tgz",
                  "integrity": "sha1-iTMSr2myEj3vcfV4iQAWce6yyFM="
                },
                "string_decoder": {
                  "version": "1.0.3",
                  "resolved": "https://registry.npmjs.org/string_decoder/-/string_decoder-1.0.3.tgz",
                  "integrity": "sha1-D8Z9fBQYJd6UKC3VNr7GubzoYKs=",
                  "requires": {
                    "safe-buffer": "5.1.1"
                  }
                },
                "util-deprecate": {
                  "version": "1.0.2",
                  "resolved": "https://registry.npmjs.org/util-deprecate/-/util-deprecate-1.0.2.tgz",
                  "integrity": "sha1-RQ1Nyfpw3nMnYvvS1KKJgUGaDM8="
                }
              }
            }
          }
        },
        "superagent-oauth": {
          "version": "0.2.3",
          "resolved": "https://registry.npmjs.org/superagent-oauth/-/superagent-oauth-0.2.3.tgz",
          "integrity": "sha1-UA+GXC4TgXJMgPtnlpugSTrYV2M=",
          "optional": true
        },
        "websocket-stream": {
          "version": "5.1.1",
          "resolved": "https://registry.npmjs.org/websocket-stream/-/websocket-stream-5.1.1.tgz",
          "integrity": "sha1-aNI5Fs31NonP9z4hP6IXjbzqYWk=",
          "requires": {
            "duplexify": "3.5.1",
            "inherits": "2.0.3",
            "readable-stream": "2.3.3",
            "safe-buffer": "5.1.1",
            "ws": "3.2.0",
            "xtend": "4.0.1"
          },
          "dependencies": {
            "duplexify": {
              "version": "3.5.1",
              "resolved": "https://registry.npmjs.org/duplexify/-/duplexify-3.5.1.tgz",
              "integrity": "sha1-ThUWvmiDi8kKSZlPCzmm5ZYL780=",
              "requires": {
                "end-of-stream": "1.4.0",
                "inherits": "2.0.3",
                "readable-stream": "2.3.3",
                "stream-shift": "1.0.0"
              },
              "dependencies": {
                "end-of-stream": {
                  "version": "1.4.0",
                  "resolved": "https://registry.npmjs.org/end-of-stream/-/end-of-stream-1.4.0.tgz",
                  "integrity": "sha1-epDYM+/abPpurA9JSduw+tOmMgY=",
                  "requires": {
                    "once": "1.4.0"
                  },
                  "dependencies": {
                    "once": {
                      "version": "1.4.0",
                      "resolved": "https://registry.npmjs.org/once/-/once-1.4.0.tgz",
                      "integrity": "sha1-WDsap3WWHUsROsF9nFC6753Xa9E=",
                      "requires": {
                        "wrappy": "1.0.2"
                      },
                      "dependencies": {
                        "wrappy": {
                          "version": "1.0.2",
                          "resolved": "https://registry.npmjs.org/wrappy/-/wrappy-1.0.2.tgz",
                          "integrity": "sha1-tSQ9jz7BqjXxNkYFvA0QNuMKtp8="
                        }
                      }
                    }
                  }
                },
                "stream-shift": {
                  "version": "1.0.0",
                  "resolved": "https://registry.npmjs.org/stream-shift/-/stream-shift-1.0.0.tgz",
                  "integrity": "sha1-1cdSgl5TZ+eG944Y5EXqIjoVWVI="
                }
              }
            },
            "inherits": {
              "version": "2.0.3",
              "resolved": "https://registry.npmjs.org/inherits/-/inherits-2.0.3.tgz",
              "integrity": "sha1-Yzwsg+PaQqUC9SRmAiSA9CCCYd4="
            },
            "readable-stream": {
              "version": "2.3.3",
              "resolved": "https://registry.npmjs.org/readable-stream/-/readable-stream-2.3.3.tgz",
              "integrity": "sha1-No8lEtefnUb9/HE0mueHi7weuVw=",
              "requires": {
                "core-util-is": "1.0.2",
                "inherits": "2.0.3",
                "isarray": "1.0.0",
                "process-nextick-args": "1.0.7",
                "safe-buffer": "5.1.1",
                "string_decoder": "1.0.3",
                "util-deprecate": "1.0.2"
              },
              "dependencies": {
                "core-util-is": {
                  "version": "1.0.2",
                  "resolved": "https://registry.npmjs.org/core-util-is/-/core-util-is-1.0.2.tgz",
                  "integrity": "sha1-tf1UIgqivFq1eqtxQMlAdUUDwac="
                },
                "isarray": {
                  "version": "1.0.0",
                  "resolved": "https://registry.npmjs.org/isarray/-/isarray-1.0.0.tgz",
                  "integrity": "sha1-u5NdSFgsuhaMBoNJV6VKPgcSTxE="
                },
                "process-nextick-args": {
                  "version": "1.0.7",
                  "resolved": "https://registry.npmjs.org/process-nextick-args/-/process-nextick-args-1.0.7.tgz",
                  "integrity": "sha1-FQ4gt1ZZCtP5EJPyWk8q2L/zC6M="
                },
                "string_decoder": {
                  "version": "1.0.3",
                  "resolved": "https://registry.npmjs.org/string_decoder/-/string_decoder-1.0.3.tgz",
                  "integrity": "sha1-D8Z9fBQYJd6UKC3VNr7GubzoYKs=",
                  "requires": {
                    "safe-buffer": "5.1.1"
                  }
                },
                "util-deprecate": {
                  "version": "1.0.2",
                  "resolved": "https://registry.npmjs.org/util-deprecate/-/util-deprecate-1.0.2.tgz",
                  "integrity": "sha1-RQ1Nyfpw3nMnYvvS1KKJgUGaDM8="
                }
              }
            },
            "safe-buffer": {
              "version": "5.1.1",
              "resolved": "https://registry.npmjs.org/safe-buffer/-/safe-buffer-5.1.1.tgz",
              "integrity": "sha1-iTMSr2myEj3vcfV4iQAWce6yyFM="
            },
            "ws": {
              "version": "3.2.0",
              "resolved": "https://registry.npmjs.org/ws/-/ws-3.2.0.tgz",
              "integrity": "sha1-1dPWsRr/cec/gI9AzGnVK7bUoYU=",
              "requires": {
                "async-limiter": "1.0.0",
                "safe-buffer": "5.1.1",
                "ultron": "1.1.0"
              },
              "dependencies": {
                "async-limiter": {
                  "version": "1.0.0",
                  "resolved": "https://registry.npmjs.org/async-limiter/-/async-limiter-1.0.0.tgz",
                  "integrity": "sha1-ePrtjD0HSrgfIrTphdeehzj3IPg="
                },
                "ultron": {
                  "version": "1.1.0",
                  "resolved": "https://registry.npmjs.org/ultron/-/ultron-1.1.0.tgz",
                  "integrity": "sha1-sHoualQagV/Go0zNRTO67DB8qGQ="
                }
              }
            },
            "xtend": {
              "version": "4.0.1",
              "resolved": "https://registry.npmjs.org/xtend/-/xtend-4.0.1.tgz",
              "integrity": "sha1-pcbVMr5lbiPbgg77lDofBJmNY68="
            }
          }
        }
      }
    },
    "ramda": {
      "version": "0.25.0",
      "resolved": "https://registry.npmjs.org/ramda/-/ramda-0.25.0.tgz",
      "integrity": "sha512-GXpfrYVPwx3K7RQ6aYT8KPS8XViSXUVJT1ONhoKPE9VAleW42YE+U+8VEyGWt41EnEQW7gwecYJriTI0pKoecQ=="
    }
  }
}
